
Microsoft Visual Studio Solution File, Format Version 12.00
# Visual Studio 15
VisualStudioVersion = 15.0.26430.16
MinimumVisualStudioVersion = 10.0.40219.1
Project("{FAE04EC0-301F-11D3-BF4B-00C04F79EFBC}") = "Spoti AdBlock", "Spoti AdBlock\Spoti AdBlock.csproj", "{551483E6-876D-417F-84B3-16DA6244C854}"
EndProject
Project("{54435603-DBB4-11D2-8724-00A0C9A8B90C}") = "SpotiAdBlock setup", "SpotiAdBlock setup\SpotiAdBlock setup.vdproj", "{A7E22260-82A6-448E-9B5B-86BDB086286A}"
EndProject
Global
	GlobalSection(SolutionConfigurationPlatforms) = preSolution
		Debug|Any CPU = Debug|Any CPU
		Release|Any CPU = Release|Any CPU
	EndGlobalSection
	GlobalSection(ProjectConfigurationPlatforms) = postSolution
		{551483E6-876D-417F-84B3-16DA6244C854}.Debug|Any CPU.ActiveCfg = Debug|Any CPU
		{551483E6-876D-417F-84B3-16DA6244C854}.Debug|Any CPU.Build.0 = Debug|Any CPU
		{551483E6-876D-417F-84B3-16DA6244C854}.Release|Any CPU.ActiveCfg = Release|Any CPU
		{551483E6-876D-417F-84B3-16DA6244C854}.Release|Any CPU.Build.0 = Release|Any CPU
		{A7E22260-82A6-448E-9B5B-86BDB086286A}.Debug|Any CPU.ActiveCfg = Debug
		{A7E22260-82A6-448E-9B5B-86BDB086286A}.Release|Any CPU.ActiveCfg = Release
		{A7E22260-82A6-448E-9B5B-86BDB086286A}.Release|Any CPU.Build.0 = Release
	EndGlobalSection
	GlobalSection(SolutionProperties) = preSolution
		HideSolutionNode = FALSE
	EndGlobalSection
EndGlobal
